
Microsoft Visual Studio Solution File, Format Version 12.00
# Visual Studio Version 17
VisualStudioVersion = 17.5.33627.172
MinimumVisualStudioVersion = 10.0.40219.1
Project("{FAE04EC0-301F-11D3-BF4B-00C04F79EFBC}") = "PaymentAPI", "PaymentAPI\PaymentAPI.csproj", "{9012C36C-F2A9-4D0E-961D-4E73092E8115}"
EndProject
Global
	GlobalSection(SolutionConfigurationPlatforms) = preSolution
		Debug|Any CPU = Debug|Any CPU
		Release|Any CPU = Release|Any CPU
	EndGlobalSection
	GlobalSection(ProjectConfigurationPlatforms) = postSolution
		{9012C36C-F2A9-4D0E-961D-4E73092E8115}.Debug|Any CPU.ActiveCfg = Debug|Any CPU
		{9012C36C-F2A9-4D0E-961D-4E73092E8115}.Debug|Any CPU.Build.0 = Debug|Any CPU
		{9012C36C-F2A9-4D0E-961D-4E73092E8115}.Release|Any CPU.ActiveCfg = Release|Any CPU
		{9012C36C-F2A9-4D0E-961D-4E73092E8115}.Release|Any CPU.Build.0 = Release|Any CPU
	EndGlobalSection
	GlobalSection(SolutionProperties) = preSolution
		HideSolutionNode = FALSE
	EndGlobalSection
	GlobalSection(ExtensibilityGlobals) = postSolution
		SolutionGuid = {AE15FC38-C353-43B9-8851-6093172AF9FC}
	EndGlobalSection
EndGlobal
